
Microsoft Visual Studio Solution File, Format Version 12.00
# Visual Studio Version 16
VisualStudioVersion = 16.0.32602.291
MinimumVisualStudioVersion = 10.0.40219.1
Project("{9A19103F-16F7-4668-BE54-9A1E7A4F7556}") = "UdemyCSharpTasks", "UdemyCSharpTasks\UdemyCSharpTasks.csproj", "{37727EFE-919E-41A3-A1AB-15A5D6B2FD5E}"
EndProject
Project("{9A19103F-16F7-4668-BE54-9A1E7A4F7556}") = "ArrayLesson", "ArrayLesson\ArrayLesson.csproj", "{133FA6A7-4241-4B41-AF32-19297017666C}"
EndProject
Project("{9A19103F-16F7-4668-BE54-9A1E7A4F7556}") = "TicTacToe", "TicTacToe\TicTacToe.csproj", "{39313763-47E2-4D90-8576-AF37B8E1B473}"
EndProject
Project("{9A19103F-16F7-4668-BE54-9A1E7A4F7556}") = "ListsExamples", "ListsExamples\ListsExamples.csproj", "{89611798-3B26-416E-B0D6-833B65664822}"
EndProject
Project("{9A19103F-16F7-4668-BE54-9A1E7A4F7556}") = "HashtablesEx", "HashtablesEx\HashtablesEx.csproj", "{8D0900C8-9F60-4973-BBD6-DADFC153DABD}"
EndProject
Project("{2150E333-8FDC-42A3-9474-1A3956D46DE8}") = "InheritanceDemo", "InheritanceDemo", "{C97E618E-14E1-4FE5-B380-D6F9AA8553F1}"
EndProject
Project("{9A19103F-16F7-4668-BE54-9A1E7A4F7556}") = "InheritanceDemo", "InheritanceDemo\InheritanceDemo.csproj", "{759913CB-6422-4BBE-AC43-8623144EA15A}"
EndProject
Project("{9A19103F-16F7-4668-BE54-9A1E7A4F7556}") = "ParsingGame", "ParsingGame\ParsingGame.csproj", "{6FAC7544-F438-4977-9E38-B9F28B7AFBB2}"
EndProject
Project("{9A19103F-16F7-4668-BE54-9A1E7A4F7556}") = "ParsingGameV2", "ParsingGameV2\ParsingGameV2.csproj", "{A00070D5-CE3C-4DE7-9065-D5E1BBFDB316}"
EndProject
Project("{FAE04EC0-301F-11D3-BF4B-00C04F79EFBC}") = "DelegatesEx", "DelegatesEx\DelegatesEx.csproj", "{46B53B26-8420-4C43-8D51-0FBBF2F122B3}"
EndProject
Global
	GlobalSection(SolutionConfigurationPlatforms) = preSolution
		Debug|Any CPU = Debug|Any CPU
		Release|Any CPU = Release|Any CPU
	EndGlobalSection
	GlobalSection(ProjectConfigurationPlatforms) = postSolution
		{37727EFE-919E-41A3-A1AB-15A5D6B2FD5E}.Debug|Any CPU.ActiveCfg = Debug|Any CPU
		{37727EFE-919E-41A3-A1AB-15A5D6B2FD5E}.Debug|Any CPU.Build.0 = Debug|Any CPU
		{37727EFE-919E-41A3-A1AB-15A5D6B2FD5E}.Release|Any CPU.ActiveCfg = Release|Any CPU
		{37727EFE-919E-41A3-A1AB-15A5D6B2FD5E}.Release|Any CPU.Build.0 = Release|Any CPU
		{133FA6A7-4241-4B41-AF32-19297017666C}.Debug|Any CPU.ActiveCfg = Debug|Any CPU
		{133FA6A7-4241-4B41-AF32-19297017666C}.Debug|Any CPU.Build.0 = Debug|Any CPU
		{133FA6A7-4241-4B41-AF32-19297017666C}.Release|Any CPU.ActiveCfg = Release|Any CPU
		{133FA6A7-4241-4B41-AF32-19297017666C}.Release|Any CPU.Build.0 = Release|Any CPU
		{39313763-47E2-4D90-8576-AF37B8E1B473}.Debug|Any CPU.ActiveCfg = Debug|Any CPU
		{39313763-47E2-4D90-8576-AF37B8E1B473}.Debug|Any CPU.Build.0 = Debug|Any CPU
		{39313763-47E2-4D90-8576-AF37B8E1B473}.Release|Any CPU.ActiveCfg = Release|Any CPU
		{39313763-47E2-4D90-8576-AF37B8E1B473}.Release|Any CPU.Build.0 = Release|Any CPU
		{89611798-3B26-416E-B0D6-833B65664822}.Debug|Any CPU.ActiveCfg = Debug|Any CPU
		{89611798-3B26-416E-B0D6-833B65664822}.Debug|Any CPU.Build.0 = Debug|Any CPU
		{89611798-3B26-416E-B0D6-833B65664822}.Release|Any CPU.ActiveCfg = Release|Any CPU
		{89611798-3B26-416E-B0D6-833B65664822}.Release|Any CPU.Build.0 = Release|Any CPU
		{8D0900C8-9F60-4973-BBD6-DADFC153DABD}.Debug|Any CPU.ActiveCfg = Debug|Any CPU
		{8D0900C8-9F60-4973-BBD6-DADFC153DABD}.Debug|Any CPU.Build.0 = Debug|Any CPU
		{8D0900C8-9F60-4973-BBD6-DADFC153DABD}.Release|Any CPU.ActiveCfg = Release|Any CPU
		{8D0900C8-9F60-4973-BBD6-DADFC153DABD}.Release|Any CPU.Build.0 = Release|Any CPU
		{759913CB-6422-4BBE-AC43-8623144EA15A}.Debug|Any CPU.ActiveCfg = Debug|Any CPU
		{759913CB-6422-4BBE-AC43-8623144EA15A}.Debug|Any CPU.Build.0 = Debug|Any CPU
		{759913CB-6422-4BBE-AC43-8623144EA15A}.Release|Any CPU.ActiveCfg = Release|Any CPU
		{759913CB-6422-4BBE-AC43-8623144EA15A}.Release|Any CPU.Build.0 = Release|Any CPU
		{6FAC7544-F438-4977-9E38-B9F28B7AFBB2}.Debug|Any CPU.ActiveCfg = Debug|Any CPU
		{6FAC7544-F438-4977-9E38-B9F28B7AFBB2}.Debug|Any CPU.Build.0 = Debug|Any CPU
		{6FAC7544-F438-4977-9E38-B9F28B7AFBB2}.Release|Any CPU.ActiveCfg = Release|Any CPU
		{6FAC7544-F438-4977-9E38-B9F28B7AFBB2}.Release|Any CPU.Build.0 = Release|Any CPU
		{A00070D5-CE3C-4DE7-9065-D5E1BBFDB316}.Debug|Any CPU.ActiveCfg = Debug|Any CPU
		{A00070D5-CE3C-4DE7-9065-D5E1BBFDB316}.Debug|Any CPU.Build.0 = Debug|Any CPU
		{A00070D5-CE3C-4DE7-9065-D5E1BBFDB316}.Release|Any CPU.ActiveCfg = Release|Any CPU
		{A00070D5-CE3C-4DE7-9065-D5E1BBFDB316}.Release|Any CPU.Build.0 = Release|Any CPU
		{46B53B26-8420-4C43-8D51-0FBBF2F122B3}.Debug|Any CPU.ActiveCfg = Debug|Any CPU
		{46B53B26-8420-4C43-8D51-0FBBF2F122B3}.Debug|Any CPU.Build.0 = Debug|Any CPU
		{46B53B26-8420-4C43-8D51-0FBBF2F122B3}.Release|Any CPU.ActiveCfg = Release|Any CPU
		{46B53B26-8420-4C43-8D51-0FBBF2F122B3}.Release|Any CPU.Build.0 = Release|Any CPU
	EndGlobalSection
	GlobalSection(SolutionProperties) = preSolution
		HideSolutionNode = FALSE
	EndGlobalSection
	GlobalSection(NestedProjects) = preSolution
		{759913CB-6422-4BBE-AC43-8623144EA15A} = {C97E618E-14E1-4FE5-B380-D6F9AA8553F1}
	EndGlobalSection
	GlobalSection(ExtensibilityGlobals) = postSolution
		SolutionGuid = {1D9A4F2F-5EE0-4F5F-A64F-B1AC2711D066}
	EndGlobalSection
EndGlobal
